# THIS IS AN AUTOGENERATED FILE. DO NOT EDIT THIS FILE DIRECTLY.
# yarn lockfile v1


"@alloc/quick-lru@^5.2.0":
  version "5.2.0"
  resolved "https://registry.npmjs.org/@alloc/quick-lru/-/quick-lru-5.2.0.tgz"
  integrity sha512-UrcABB+4bUrFABwbluTIBErXwvbsU/V7TZWfmbgJfbkwiBuziS9gxdODUyuiecfdGQ85jglMW6juS3+z5TsKLw==

"@clerk/backend@^1.27.1":
  version "1.27.1"
  resolved "https://registry.npmjs.org/@clerk/backend/-/backend-1.27.1.tgz"
  integrity sha512-id8u7+a3rHD/4kd+/LsXQ1+I2ZRAro4UAPMjVCbUBt84BdeOhmLYtth06Ix3zHNJa80sCKj5XY9JWCEblJ0NSQ==
  dependencies:
    "@clerk/shared" "^3.4.1"
    "@clerk/types" "^4.51.1"
    cookie "1.0.2"
    snakecase-keys "8.0.1"
    tslib "2.8.1"

"@clerk/clerk-react@^5.26.1":
  version "5.26.1"
  resolved "https://registry.npmjs.org/@clerk/clerk-react/-/clerk-react-5.26.1.tgz"
  integrity sha512-PDGwO2ZwBqlwZI+i5Cdg1kuu7DbuxbUPXmWdbGXJB+93th4gO1KI73/PmA4wr/wuKnEeQtnVtjv/AKTMRxkf6A==
  dependencies:
    "@clerk/shared" "^3.4.1"
    "@clerk/types" "^4.51.1"
    tslib "2.8.1"

"@clerk/nextjs@^6.14.1":
  version "6.14.1"
  resolved "https://registry.npmjs.org/@clerk/nextjs/-/nextjs-6.14.1.tgz"
  integrity sha512-MXWe9FLm5yahyBKmr15Ot0MMHaZAq4gExI99XQEEtPhkZlaULt3yxzbdcEpF4Mo3Swc2vmbJtj8JkUo1xmW05A==
  dependencies:
    "@clerk/backend" "^1.27.1"
    "@clerk/clerk-react" "^5.26.1"
    "@clerk/shared" "^3.4.1"
    "@clerk/types" "^4.51.1"
    server-only "0.0.1"
    tslib "2.8.1"

"@clerk/shared@^3.4.1":
  version "3.4.1"
  resolved "https://registry.npmjs.org/@clerk/shared/-/shared-3.4.1.tgz"
  integrity sha512-QF0GqvD/rrMW4DDVbfwec4I90/25DjbJ8m8gJcYBXYbfmjV0A3wFYixMiJ815m/HOIl+953HYt0BrSmJIBVY1A==
  dependencies:
    "@clerk/types" "^4.51.1"
    dequal "2.0.3"
    glob-to-regexp "0.4.1"
    js-cookie "3.0.5"
    std-env "^3.8.1"
    swr "^2.3.3"

"@clerk/types@^4.51.1":
  version "4.51.1"
  resolved "https://registry.npmjs.org/@clerk/types/-/types-4.51.1.tgz"
  integrity sha512-2dLT0ruieTl8R7Xdjp/z3Aw7LXbr5eASWtvvSZhWVEYVajrmNz5CXWg1BR2UdXZjHi8MQ4LPcarGjXXtHaFXaw==
  dependencies:
    csstype "3.1.3"

"@google/generative-ai@^0.24.0":
  version "0.24.0"
  resolved "https://registry.npmjs.org/@google/generative-ai/-/generative-ai-0.24.0.tgz"
  integrity sha512-fnEITCGEB7NdX0BhoYZ/cq/7WPZ1QS5IzJJfC3Tg/OwkvBetMiVJciyaan297OvE4B9Jg1xvo0zIazX/9sGu1Q==

"@img/sharp-darwin-arm64@0.34.1":
  version "0.34.1"
  resolved "https://registry.yarnpkg.com/@img/sharp-darwin-arm64/-/sharp-darwin-arm64-0.34.1.tgz#e79a4756bea9a06a7aadb4391ee53cb154a4968c"
  integrity sha512-pn44xgBtgpEbZsu+lWf2KNb6OAf70X68k+yk69Ic2Xz11zHR/w24/U49XT7AeRwJ0Px+mhALhU5LPci1Aymk7A==
"@img/sharp-darwin-arm64@0.33.5":
  version "0.33.5"
  resolved "https://registry.npmjs.org/@img/sharp-darwin-arm64/-/sharp-darwin-arm64-0.33.5.tgz"
  integrity sha512-UT4p+iz/2H4twwAoLCqfA9UH5pI6DggwKEGuaPy7nCVQ8ZsiY5PIcrRvD1DzuY3qYL07NtIQcWnBSY/heikIFQ==
  optionalDependencies:
    "@img/sharp-libvips-darwin-arm64" "1.1.0"

"@img/sharp-libvips-darwin-arm64@1.0.4":
  version "1.0.4"
  resolved "https://registry.npmjs.org/@img/sharp-libvips-darwin-arm64/-/sharp-libvips-darwin-arm64-1.0.4.tgz"
  integrity sha512-XblONe153h0O2zuFfTAbQYAX2JhYmDHeWikp1LM9Hul9gVPjFY427k6dFEcOL72O01QxQsWi761svJ/ev9xEDg==

"@next/env@15.2.5":
  version "15.2.5"
  resolved "https://registry.npmjs.org/@next/env/-/env-15.2.5.tgz"
  integrity sha512-uWkCf9C8wKTyQjqrNk+BA7eL3LOQdhL+xlmJUf2O85RM4lbzwBwot3Sqv2QGe/RGnc3zysIf1oJdtq9S00pkmQ==

"@next/swc-darwin-arm64@15.2.5":
  version "15.2.5"
  resolved "https://registry.npmjs.org/@next/swc-darwin-arm64/-/swc-darwin-arm64-15.2.5.tgz"
  integrity sha512-4OimvVlFTbgzPdA0kh8A1ih6FN9pQkL4nPXGqemEYgk+e7eQhsst/p35siNNqA49eQA6bvKZ1ASsDtu9gtXuog==

"@radix-ui/react-compose-refs@1.1.2":
  version "1.1.2"
  resolved "https://registry.npmjs.org/@radix-ui/react-compose-refs/-/react-compose-refs-1.1.2.tgz"
  integrity sha512-z4eqJvfiNnFMHIIvXP3CY57y2WJs5g2v3X0zm9mEJkrkNv4rDxu+sg9Jh8EkXyeqBkB7SOcboo9dMVqhyrACIg==

"@radix-ui/react-label@^2.1.3":
  version "2.1.3"
  resolved "https://registry.npmjs.org/@radix-ui/react-label/-/react-label-2.1.3.tgz"
  integrity sha512-zwSQ1NzSKG95yA0tvBMgv6XPHoqapJCcg9nsUBaQQ66iRBhZNhlpaQG2ERYYX4O4stkYFK5rxj5NsWfO9CS+Hg==
  dependencies:
    "@radix-ui/react-primitive" "2.0.3"

"@radix-ui/react-primitive@2.0.3":
  version "2.0.3"
  resolved "https://registry.npmjs.org/@radix-ui/react-primitive/-/react-primitive-2.0.3.tgz"
  integrity sha512-Pf/t/GkndH7CQ8wE2hbkXA+WyZ83fhQQn5DDmwDiDo6AwN/fhaH8oqZ0jRjMrO2iaMhDi6P1HRx6AZwyMinY1g==
  dependencies:
    "@radix-ui/react-slot" "1.2.0"

"@radix-ui/react-slot@^1.2.0", "@radix-ui/react-slot@1.2.0":
  version "1.2.0"
  resolved "https://registry.npmjs.org/@radix-ui/react-slot/-/react-slot-1.2.0.tgz"
  integrity sha512-ujc+V6r0HNDviYqIK3rW4ffgYiZ8g5DEHrGJVk4x7kTlLXRDILnKX9vAUYeIsLOoDpDJ0ujpqMkjH4w2ofuo6w==
  dependencies:
    "@radix-ui/react-compose-refs" "1.1.2"

"@supabase/auth-helpers-nextjs@^0.10.0":
  version "0.10.0"
  resolved "https://registry.npmjs.org/@supabase/auth-helpers-nextjs/-/auth-helpers-nextjs-0.10.0.tgz"
  integrity sha512-2dfOGsM4yZt0oS4TPiE7bD4vf7EVz7NRz/IJrV6vLg0GP7sMUx8wndv2euLGq4BjN9lUCpu6DG/uCC8j+ylwPg==
  dependencies:
    "@supabase/auth-helpers-shared" "0.7.0"
    set-cookie-parser "^2.6.0"

"@stripe/stripe-js@^7.0.0":
  version "7.0.0"
  resolved "https://registry.yarnpkg.com/@stripe/stripe-js/-/stripe-js-7.0.0.tgz#21b847c731aad01084cdf4b4e6a4c56063b29586"
  integrity sha512-0AWkP+hoIXB5O34FGY7jh687ZPlOqLqMkJDkiSXcp4TaWWidnxjsZSp0xkjyAWbIz4+j1BFXDAK01Rqb7ceBRA==

"@supabase/auth-helpers-react@^0.5.0":
  version "0.5.0"
  resolved "https://registry.npmjs.org/@supabase/auth-helpers-react/-/auth-helpers-react-0.5.0.tgz"
  integrity sha512-5QSaV2CGuhDhd7RlQCoviVEAYsP7XnrFMReOcBazDvVmqSIyjKcDwhLhWvnrxMOq5qjOaA44MHo7wXqDiF0puQ==

"@supabase/auth-helpers-shared@0.7.0":
  version "0.7.0"
  resolved "https://registry.npmjs.org/@supabase/auth-helpers-shared/-/auth-helpers-shared-0.7.0.tgz"
  integrity sha512-FBFf2ei2R7QC+B/5wWkthMha8Ca2bWHAndN+syfuEUUfufv4mLcAgBCcgNg5nJR8L0gZfyuaxgubtOc9aW3Cpg==
  dependencies:
    jose "^4.14.4"

"@supabase/auth-js@2.69.1":
  version "2.69.1"
  resolved "https://registry.npmjs.org/@supabase/auth-js/-/auth-js-2.69.1.tgz"
  integrity sha512-FILtt5WjCNzmReeRLq5wRs3iShwmnWgBvxHfqapC/VoljJl+W8hDAyFmf1NVw3zH+ZjZ05AKxiKxVeb0HNWRMQ==
  dependencies:
    "@supabase/node-fetch" "^2.6.14"

"@supabase/functions-js@2.4.4":
  version "2.4.4"
  resolved "https://registry.npmjs.org/@supabase/functions-js/-/functions-js-2.4.4.tgz"
  integrity sha512-WL2p6r4AXNGwop7iwvul2BvOtuJ1YQy8EbOd0dhG1oN1q8el/BIRSFCFnWAMM/vJJlHWLi4ad22sKbKr9mvjoA==
  dependencies:
    "@supabase/node-fetch" "^2.6.14"

"@supabase/node-fetch@^2.6.14", "@supabase/node-fetch@2.6.15":
  version "2.6.15"
  resolved "https://registry.npmjs.org/@supabase/node-fetch/-/node-fetch-2.6.15.tgz"
  integrity sha512-1ibVeYUacxWYi9i0cf5efil6adJ9WRyZBLivgjs+AUpewx1F3xPi7gLgaASI2SmIQxPoCEjAsLAzKPgMJVgOUQ==
  dependencies:
    whatwg-url "^5.0.0"

"@supabase/postgrest-js@1.19.4":
  version "1.19.4"
  resolved "https://registry.npmjs.org/@supabase/postgrest-js/-/postgrest-js-1.19.4.tgz"
  integrity sha512-O4soKqKtZIW3olqmbXXbKugUtByD2jPa8kL2m2c1oozAO11uCcGrRhkZL0kVxjBLrXHE0mdSkFsMj7jDSfyNpw==
  dependencies:
    "@supabase/node-fetch" "^2.6.14"

"@supabase/realtime-js@2.11.2":
  version "2.11.2"
  resolved "https://registry.npmjs.org/@supabase/realtime-js/-/realtime-js-2.11.2.tgz"
  integrity sha512-u/XeuL2Y0QEhXSoIPZZwR6wMXgB+RQbJzG9VErA3VghVt7uRfSVsjeqd7m5GhX3JR6dM/WRmLbVR8URpDWG4+w==
  dependencies:
    "@supabase/node-fetch" "^2.6.14"
    "@types/phoenix" "^1.5.4"
    "@types/ws" "^8.5.10"
    ws "^8.18.0"

"@supabase/ssr@^0.6.1":
  version "0.6.1"
  resolved "https://registry.npmjs.org/@supabase/ssr/-/ssr-0.6.1.tgz"
  integrity sha512-QtQgEMvaDzr77Mk3vZ3jWg2/y+D8tExYF7vcJT+wQ8ysuvOeGGjYbZlvj5bHYsj/SpC0bihcisnwPrM4Gp5G4g==
  dependencies:
    cookie "^1.0.1"

"@supabase/storage-js@2.7.1":
  version "2.7.1"
  resolved "https://registry.npmjs.org/@supabase/storage-js/-/storage-js-2.7.1.tgz"
  integrity sha512-asYHcyDR1fKqrMpytAS1zjyEfvxuOIp1CIXX7ji4lHHcJKqyk+sLl/Vxgm4sN6u8zvuUtae9e4kDxQP2qrwWBA==
  dependencies:
    "@supabase/node-fetch" "^2.6.14"

"@supabase/supabase-js@^2.39.8", "@supabase/supabase-js@^2.43.4", "@supabase/supabase-js@^2.49.4":
  version "2.49.4"
  resolved "https://registry.npmjs.org/@supabase/supabase-js/-/supabase-js-2.49.4.tgz"
  integrity sha512-jUF0uRUmS8BKt37t01qaZ88H9yV1mbGYnqLeuFWLcdV+x1P4fl0yP9DGtaEhFPZcwSom7u16GkLEH9QJZOqOkw==
  dependencies:
    "@supabase/auth-js" "2.69.1"
    "@supabase/functions-js" "2.4.4"
    "@supabase/node-fetch" "2.6.15"
    "@supabase/postgrest-js" "1.19.4"
    "@supabase/realtime-js" "2.11.2"
    "@supabase/storage-js" "2.7.1"

"@swc/counter@0.1.3":
  version "0.1.3"
  resolved "https://registry.npmjs.org/@swc/counter/-/counter-0.1.3.tgz"
  integrity sha512-e2BR4lsJkkRlKZ/qCHPw9ZaSxc0MVUd7gtbtaB7aMvHeJVYe8sOB8DBZkP2DtISHGSku9sCK6T6cnY0CtXrOCQ==

"@swc/helpers@0.5.15":
  version "0.5.15"
  resolved "https://registry.npmjs.org/@swc/helpers/-/helpers-0.5.15.tgz"
  integrity sha512-JQ5TuMi45Owi4/BIMAJBoSQoOJu12oOk/gADqlcUL9JEdHB8vyjUSsxqeNXnmXHjYKMi2WcYtezGEEhqUI/E2g==
  dependencies:
    tslib "^2.8.0"

"@tailwindcss/node@4.1.3":
  version "4.1.3"
  resolved "https://registry.npmjs.org/@tailwindcss/node/-/node-4.1.3.tgz"
  integrity sha512-H/6r6IPFJkCfBJZ2dKZiPJ7Ueb2wbL592+9bQEl2r73qbX6yGnmQVIfiUvDRB2YI0a3PWDrzUwkvQx1XW1bNkA==
  dependencies:
    enhanced-resolve "^5.18.1"
    jiti "^2.4.2"
    lightningcss "1.29.2"
    tailwindcss "4.1.3"

"@tailwindcss/oxide-darwin-arm64@4.1.3":
  version "4.1.3"
  resolved "https://registry.npmjs.org/@tailwindcss/oxide-darwin-arm64/-/oxide-darwin-arm64-4.1.3.tgz"
  integrity sha512-mqkf2tLR5VCrjBvuRDwzKNShRu99gCAVMkVsaEOFvv6cCjlEKXRecPu9DEnxp6STk5z+Vlbh1M5zY3nQCXMXhw==

"@tailwindcss/oxide@4.1.3":
  version "4.1.3"
  resolved "https://registry.npmjs.org/@tailwindcss/oxide/-/oxide-4.1.3.tgz"
  integrity sha512-t16lpHCU7LBxDe/8dCj9ntyNpXaSTAgxWm1u2XQP5NiIu4KGSyrDJJRlK9hJ4U9yJxx0UKCVI67MJWFNll5mOQ==
  optionalDependencies:
    "@tailwindcss/oxide-android-arm64" "4.1.3"
    "@tailwindcss/oxide-darwin-arm64" "4.1.3"
    "@tailwindcss/oxide-darwin-x64" "4.1.3"
    "@tailwindcss/oxide-freebsd-x64" "4.1.3"
    "@tailwindcss/oxide-linux-arm-gnueabihf" "4.1.3"
    "@tailwindcss/oxide-linux-arm64-gnu" "4.1.3"
    "@tailwindcss/oxide-linux-arm64-musl" "4.1.3"
    "@tailwindcss/oxide-linux-x64-gnu" "4.1.3"
    "@tailwindcss/oxide-linux-x64-musl" "4.1.3"
    "@tailwindcss/oxide-win32-arm64-msvc" "4.1.3"
    "@tailwindcss/oxide-win32-x64-msvc" "4.1.3"

"@tailwindcss/postcss@^4":
  version "4.1.3"
  resolved "https://registry.npmjs.org/@tailwindcss/postcss/-/postcss-4.1.3.tgz"
  integrity sha512-6s5nJODm98F++QT49qn8xJKHQRamhYHfMi3X7/ltxiSQ9dyRsaFSfFkfaMsanWzf+TMYQtbk8mt5f6cCVXJwfg==
  dependencies:
    "@alloc/quick-lru" "^5.2.0"
    "@tailwindcss/node" "4.1.3"
    "@tailwindcss/oxide" "4.1.3"
    postcss "^8.4.41"
    tailwindcss "4.1.3"

"@types/node@*":
  version "22.14.0"
  resolved "https://registry.npmjs.org/@types/node/-/node-22.14.0.tgz"
  integrity sha512-Kmpl+z84ILoG+3T/zQFyAJsU6EPTmOCj8/2+83fSN6djd6I4o7uOuGIH6vq3PrjY5BGitSbFuMN18j3iknubbA==
  dependencies:
    undici-types "~6.21.0"

"@types/node@^20":
  version "20.17.30"
  resolved "https://registry.npmjs.org/@types/node/-/node-20.17.30.tgz"
  integrity sha512-7zf4YyHA+jvBNfVrk2Gtvs6x7E8V+YDW05bNfG2XkWDJfYRXrTiP/DsB2zSYTaHX0bGIujTBQdMVAhb+j7mwpg==
  dependencies:
    undici-types "~6.19.2"

"@types/phoenix@^1.5.4":
  version "1.6.6"
  resolved "https://registry.npmjs.org/@types/phoenix/-/phoenix-1.6.6.tgz"
  integrity sha512-PIzZZlEppgrpoT2QgbnDU+MMzuR6BbCjllj0bM70lWoejMeNJAxCchxnv7J3XFkI8MpygtRpzXrIlmWUBclP5A==

"@types/react-dom@*", "@types/react-dom@^19":
  version "19.1.2"
  resolved "https://registry.npmjs.org/@types/react-dom/-/react-dom-19.1.2.tgz"
  integrity sha512-XGJkWF41Qq305SKWEILa1O8vzhb3aOo3ogBlSmiqNko/WmRb6QIaweuZCXjKygVDXpzXb5wyxKTSOsmkuqj+Qw==

"@types/react@*", "@types/react@^19", "@types/react@^19.0.0":
  version "19.1.0"
  resolved "https://registry.npmjs.org/@types/react/-/react-19.1.0.tgz"
  integrity sha512-UaicktuQI+9UKyA4njtDOGBD/67t8YEBt2xdfqu8+gP9hqPUPsiXlNPcpS2gVdjmis5GKPG3fCxbQLVgxsQZ8w==
  dependencies:
    csstype "^3.0.2"

"@types/ws@^8.5.10":
  version "8.18.1"
  resolved "https://registry.npmjs.org/@types/ws/-/ws-8.18.1.tgz"
  integrity sha512-ThVF6DCVhA8kUGy+aazFQ4kXQ7E1Ty7A3ypFOe0IcJV8O/M511G99AW24irKrW56Wt44yG9+ij8FaqoBGkuBXg==
  dependencies:
    "@types/node" "*"

busboy@1.6.0:
  version "1.6.0"
  resolved "https://registry.npmjs.org/busboy/-/busboy-1.6.0.tgz"
  integrity sha512-8SFQbg/0hQ9xy3UNTB0YEnsNBbWfhf7RtnzpL7TkBiTBRfrQ9Fxcnz7VJsleJpyp6rVLvXiuORqjlHi5q+PYuA==
  dependencies:
    streamsearch "^1.1.0"

caniuse-lite@^1.0.30001579:
  version "1.0.30001712"
  resolved "https://registry.npmjs.org/caniuse-lite/-/caniuse-lite-1.0.30001712.tgz"
  integrity sha512-MBqPpGYYdQ7/hfKiet9SCI+nmN5/hp4ZzveOJubl5DTAMa5oggjAuoi0Z4onBpKPFI2ePGnQuQIzF3VxDjDJig==

class-variance-authority@^0.7.1:
  version "0.7.1"
  resolved "https://registry.npmjs.org/class-variance-authority/-/class-variance-authority-0.7.1.tgz"
  integrity sha512-Ka+9Trutv7G8M6WT6SeiRWz792K5qEqIGEGzXKhAE6xOWAY6pPH8U+9IY3oCMv6kqTmLsv7Xh/2w2RigkePMsg==
  dependencies:
    clsx "^2.1.1"

client-only@0.0.1:
  version "0.0.1"
  resolved "https://registry.npmjs.org/client-only/-/client-only-0.0.1.tgz"
  integrity sha512-IV3Ou0jSMzZrd3pZ48nLkT9DA7Ag1pnPzaiQhpW7c3RbcqqzvzzVu+L8gfqMp/8IM2MQtSiqaCxrrcfu8I8rMA==

clsx@^2.1.1:
  version "2.1.1"
  resolved "https://registry.npmjs.org/clsx/-/clsx-2.1.1.tgz"
  integrity sha512-eYm0QWBtUrBWZWG0d386OGAw16Z995PiOVo2B7bjWSbHedGl5e0ZWaq65kOGgUSNesEIDkB9ISbTg/JK9dhCZA==

color-convert@^2.0.1:
  version "2.0.1"
  resolved "https://registry.npmjs.org/color-convert/-/color-convert-2.0.1.tgz"
  integrity sha512-RRECPsj7iu/xb5oKYcsFHSppFNnsj/52OVTRKb4zP5onXwVF3zVmmToNcOfGC+CRDpfK/U584fMg38ZHCaElKQ==
  dependencies:
    color-name "~1.1.4"

color-name@^1.0.0, color-name@~1.1.4:
  version "1.1.4"
  resolved "https://registry.npmjs.org/color-name/-/color-name-1.1.4.tgz"
  integrity sha512-dOy+3AuW3a2wNbZHIuMZpTcgjGuLU/uBL/ubcZF9OXbDo8ff4O8yVp5Bf0efS8uEoYo5q4Fx7dY9OgQGXgAsQA==

color-string@^1.9.0:
  version "1.9.1"
  resolved "https://registry.npmjs.org/color-string/-/color-string-1.9.1.tgz"
  integrity sha512-shrVawQFojnZv6xM40anx4CkoDP+fZsw/ZerEMsW/pyzsRbElpsL/DBVW7q3ExxwusdNXI3lXpuhEZkzs8p5Eg==
  dependencies:
    color-name "^1.0.0"
    simple-swizzle "^0.2.2"

color@^4.2.3:
  version "4.2.3"
  resolved "https://registry.npmjs.org/color/-/color-4.2.3.tgz"
  integrity sha512-1rXeuUUiGGrykh+CeBdu5Ie7OJwinCgQY0bc7GCRxy5xVHy+moaqkpL/jqQq0MtQOeYcrqEz4abc5f0KtU7W4A==
  dependencies:
    color-convert "^2.0.1"
    color-string "^1.9.0"

cookie@^1.0.1, cookie@1.0.2:
  version "1.0.2"
  resolved "https://registry.npmjs.org/cookie/-/cookie-1.0.2.tgz"
  integrity sha512-9Kr/j4O16ISv8zBBhJoi4bXOYNTkFLOqSL3UDB0njXxCXNezjeyVrJyGOWtgfs/q2km1gwBcfH8q1yEGoMYunA==

csstype@^3.0.2, csstype@3.1.3:
  version "3.1.3"
  resolved "https://registry.npmjs.org/csstype/-/csstype-3.1.3.tgz"
  integrity sha512-M1uQkMl8rQK/szD0LNhtqxIPLpimGm8sOBwU7lLnCpSbTyY3yeU1Vc7l4KT5zT4s/yOxHH5O7tIuuLOCnLADRw==

dequal@^2.0.3, dequal@2.0.3:
  version "2.0.3"
  resolved "https://registry.npmjs.org/dequal/-/dequal-2.0.3.tgz"
  integrity sha512-0je+qPKHEMohvfRTCEo3CrPG6cAzAYgmzKyxRiYSSDkS6eGJdyVJm7WaYA5ECaAD9wLB2T4EEeymA5aFVcYXCA==

detect-libc@^2.0.3:
  version "2.0.3"
  resolved "https://registry.npmjs.org/detect-libc/-/detect-libc-2.0.3.tgz"
  integrity sha512-bwy0MGW55bG41VqxxypOsdSdGqLwXPI/focwgTYCFMbdUiBAxLg9CFzG08sz2aqzknwiX7Hkl0bQENjg8iLByw==

dot-case@^3.0.4:
  version "3.0.4"
  resolved "https://registry.npmjs.org/dot-case/-/dot-case-3.0.4.tgz"
  integrity sha512-Kv5nKlh6yRrdrGvxeJ2e5y2eRUpkUosIW4A2AS38zwSz27zu7ufDwQPi5Jhs3XAlGNetl3bmnGhQsMtkKJnj3w==
  dependencies:
    no-case "^3.0.4"
    tslib "^2.0.3"

enhanced-resolve@^5.18.1:
  version "5.18.1"
  resolved "https://registry.npmjs.org/enhanced-resolve/-/enhanced-resolve-5.18.1.tgz"
  integrity sha512-ZSW3ma5GkcQBIpwZTSRAI8N71Uuwgs93IezB7mf7R60tC8ZbJideoDNKjHn2O9KIlx6rkGTTEk1xUCK2E1Y2Yg==
  dependencies:
    graceful-fs "^4.2.4"
    tapable "^2.2.0"

framer-motion@^12.6.3:
  version "12.6.3"
  resolved "https://registry.npmjs.org/framer-motion/-/framer-motion-12.6.3.tgz"
  integrity sha512-2hsqknz23aloK85bzMc9nSR2/JP+fValQ459ZTVElFQ0xgwR2YqNjYSuDZdFBPOwVCt4Q9jgyTt6hg6sVOALzw==
  dependencies:
    motion-dom "^12.6.3"
    motion-utils "^12.6.3"
    tslib "^2.4.0"

glob-to-regexp@0.4.1:
  version "0.4.1"
  resolved "https://registry.npmjs.org/glob-to-regexp/-/glob-to-regexp-0.4.1.tgz"
  integrity sha512-lkX1HJXwyMcprw/5YUZc2s7DrpAiHB21/V+E1rHUrVNokkvB6bqMzT0VfV6/86ZNabt1k14YOIaT7nDvOX3Iiw==

graceful-fs@^4.2.4:
  version "4.2.11"
  resolved "https://registry.npmjs.org/graceful-fs/-/graceful-fs-4.2.11.tgz"
  integrity sha512-RbJ5/jmFcNNCcDV5o9eTnBLJ/HszWV0P73bc+Ff4nS/rJj+YaS6IGyiOL0VoBYX+l1Wrl3k63h/KrH+nhJ0XvQ==

is-arrayish@^0.3.1:
  version "0.3.2"
  resolved "https://registry.npmjs.org/is-arrayish/-/is-arrayish-0.3.2.tgz"
  integrity sha512-eVRqCvVlZbuw3GrM63ovNSNAeA1K16kaR/LRY/92w0zxQ5/1YzwblUX652i4Xs9RwAGjW9d9y6X88t8OaAJfWQ==

jiti@^2.4.2:
  version "2.4.2"
  resolved "https://registry.npmjs.org/jiti/-/jiti-2.4.2.tgz"
  integrity sha512-rg9zJN+G4n2nfJl5MW3BMygZX56zKPNVEYYqq7adpmMh4Jn2QNEwhvQlFy6jPVdcod7txZtKHWnyZiA3a0zP7A==

jose@^4.14.4:
  version "4.15.9"
  resolved "https://registry.npmjs.org/jose/-/jose-4.15.9.tgz"
  integrity sha512-1vUQX+IdDMVPj4k8kOxgUqlcK518yluMuGZwqlr44FS1ppZB/5GWh4rZG89erpOBOJjU/OBsnCVFfapsRz6nEA==

js-cookie@3.0.5:
  version "3.0.5"
  resolved "https://registry.npmjs.org/js-cookie/-/js-cookie-3.0.5.tgz"
  integrity sha512-cEiJEAEoIbWfCZYKWhVwFuvPX1gETRYPw6LlaTKoxD3s2AkXzkCjnp6h0V77ozyqj0jakteJ4YqDJT830+lVGw==

lightningcss-darwin-arm64@1.29.2:
  version "1.29.2"
  resolved "https://registry.npmjs.org/lightningcss-darwin-arm64/-/lightningcss-darwin-arm64-1.29.2.tgz"
  integrity sha512-cK/eMabSViKn/PG8U/a7aCorpeKLMlK0bQeNHmdb7qUnBkNPnL+oV5DjJUo0kqWsJUapZsM4jCfYItbqBDvlcA==

lightningcss@1.29.2:
  version "1.29.2"
  resolved "https://registry.npmjs.org/lightningcss/-/lightningcss-1.29.2.tgz"
  integrity sha512-6b6gd/RUXKaw5keVdSEtqFVdzWnU5jMxTUjA2bVcMNPLwSQ08Sv/UodBVtETLCn7k4S1Ibxwh7k68IwLZPgKaA==
  dependencies:
    detect-libc "^2.0.3"
  optionalDependencies:
    lightningcss-darwin-arm64 "1.29.2"
    lightningcss-darwin-x64 "1.29.2"
    lightningcss-freebsd-x64 "1.29.2"
    lightningcss-linux-arm-gnueabihf "1.29.2"
    lightningcss-linux-arm64-gnu "1.29.2"
    lightningcss-linux-arm64-musl "1.29.2"
    lightningcss-linux-x64-gnu "1.29.2"
    lightningcss-linux-x64-musl "1.29.2"
    lightningcss-win32-arm64-msvc "1.29.2"
    lightningcss-win32-x64-msvc "1.29.2"

lower-case@^2.0.2:
  version "2.0.2"
  resolved "https://registry.npmjs.org/lower-case/-/lower-case-2.0.2.tgz"
  integrity sha512-7fm3l3NAF9WfN6W3JOmf5drwpVqX78JtoGJ3A6W0a6ZnldM41w2fV5D490psKFTpMds8TJse/eHLFFsNHHjHgg==
  dependencies:
    tslib "^2.0.3"

lucide-react@^0.487.0:
  version "0.487.0"
  resolved "https://registry.npmjs.org/lucide-react/-/lucide-react-0.487.0.tgz"
  integrity sha512-aKqhOQ+YmFnwq8dWgGjOuLc8V1R9/c/yOd+zDY4+ohsR2Jo05lSGc3WsstYPIzcTpeosN7LoCkLReUUITvaIvw==

map-obj@^4.1.0:
  version "4.3.0"
  resolved "https://registry.npmjs.org/map-obj/-/map-obj-4.3.0.tgz"
  integrity sha512-hdN1wVrZbb29eBGiGjJbeP8JbKjq1urkHJ/LIP/NY48MZ1QVXUsQBV1G1zvYFHn1XE06cwjBsOI2K3Ulnj1YXQ==

motion-dom@^12.6.3:
  version "12.6.3"
  resolved "https://registry.npmjs.org/motion-dom/-/motion-dom-12.6.3.tgz"
  integrity sha512-gRY08RjcnzgFYLemUZ1lo/e9RkBxR+6d4BRvoeZDSeArG4XQXERSPapKl3LNQRu22Sndjf1h+iavgY0O4NrYqA==
  dependencies:
    motion-utils "^12.6.3"

motion-utils@^12.6.3:
  version "12.6.3"
  resolved "https://registry.npmjs.org/motion-utils/-/motion-utils-12.6.3.tgz"
  integrity sha512-R/b3Ia2VxtTNZ4LTEO5pKYau1OUNHOuUfxuP0WFCTDYdHkeTBR9UtxR1cc8mDmKr8PEhmmfnTKGz3rSMjNRoRg==

nanoid@^3.3.6, nanoid@^3.3.8:
  version "3.3.11"
  resolved "https://registry.npmjs.org/nanoid/-/nanoid-3.3.11.tgz"
  integrity sha512-N8SpfPUnUp1bK+PMYW8qSWdl9U+wwNWI4QKxOYDy9JAro3WMX7p2OeVRF9v+347pnakNevPmiHhNmZ2HbFA76w==

next@^15.3.0:
  version "15.3.0"
  resolved "https://registry.yarnpkg.com/next/-/next-15.3.0.tgz#f8aa64ab584664db75648bd87d5d68c02eb2d56f"
  integrity sha512-k0MgP6BsK8cZ73wRjMazl2y2UcXj49ZXLDEgx6BikWuby/CN+nh81qFFI16edgd7xYpe/jj2OZEIwCoqnzz0bQ==
"next@^13.5.7 || ^14.2.25 || ^15.2.3", next@15.2.5:
  version "15.2.5"
  resolved "https://registry.npmjs.org/next/-/next-15.2.5.tgz"
  integrity sha512-LlqS8ljc7RWR3riUwxB5+14v7ULAa5EuLUyarD/sFgXPd6Hmmscg8DXcu9hDdh5atybrIDVBrFhjDpRIQo/4pQ==
  dependencies:
    "@next/env" "15.3.0"
    "@swc/counter" "0.1.3"
    "@swc/helpers" "0.5.15"
    busboy "1.6.0"
    caniuse-lite "^1.0.30001579"
    postcss "8.4.31"
    styled-jsx "5.1.6"
  optionalDependencies:
    "@next/swc-darwin-arm64" "15.3.0"
    "@next/swc-darwin-x64" "15.3.0"
    "@next/swc-linux-arm64-gnu" "15.3.0"
    "@next/swc-linux-arm64-musl" "15.3.0"
    "@next/swc-linux-x64-gnu" "15.3.0"
    "@next/swc-linux-x64-musl" "15.3.0"
    "@next/swc-win32-arm64-msvc" "15.3.0"
    "@next/swc-win32-x64-msvc" "15.3.0"
    sharp "^0.34.1"

no-case@^3.0.4:
  version "3.0.4"
  resolved "https://registry.npmjs.org/no-case/-/no-case-3.0.4.tgz"
  integrity sha512-fgAN3jGAh+RoxUGZHTSOLJIqUc2wmoBwGR4tbpNAKmmovFoWq0OdRkb0VkldReO2a2iBT/OEulG9XSUc10r3zg==
  dependencies:
    lower-case "^2.0.2"
    tslib "^2.0.3"

picocolors@^1.0.0, picocolors@^1.1.1:
  version "1.1.1"
  resolved "https://registry.npmjs.org/picocolors/-/picocolors-1.1.1.tgz"
  integrity sha512-xceH2snhtb5M9liqDsmEw56le376mTZkEX/jEb/RxNFyegNul7eNslCXP9FDj/Lcu0X8KEyMceP2ntpaHrDEVA==

postcss@^8.4.41:
  version "8.5.3"
  resolved "https://registry.npmjs.org/postcss/-/postcss-8.5.3.tgz"
  integrity sha512-dle9A3yYxlBSrt8Fu+IpjGT8SY8hN0mlaA6GY8t0P5PjIOZemULz/E2Bnm/2dcUOena75OTNkHI76uZBNUUq3A==
  dependencies:
    nanoid "^3.3.8"
    picocolors "^1.1.1"
    source-map-js "^1.2.1"

postcss@8.4.31:
  version "8.4.31"
  resolved "https://registry.npmjs.org/postcss/-/postcss-8.4.31.tgz"
  integrity sha512-PS08Iboia9mts/2ygV3eLpY5ghnUcfLV/EXTOW1E2qYxJKGGBUtNjN76FYHnMs36RmARn41bC0AZmn+rR0OVpQ==
  dependencies:
    nanoid "^3.3.6"
    picocolors "^1.0.0"
    source-map-js "^1.0.2"

"react-dom@^16.8 || ^17.0 || ^18.0 || ^19.0 || ^19.0.0-rc", "react-dom@^18.0.0 || ^19.0.0", "react-dom@^18.0.0 || ^19.0.0 || ^19.0.0-0", "react-dom@^18.0.0 || ^19.0.0 || ^19.0.0-rc", "react-dom@^18.2.0 || 19.0.0-rc-de68d2f4-20241204 || ^19.0.0", react-dom@^19.0.0:
  version "19.1.0"
  resolved "https://registry.npmjs.org/react-dom/-/react-dom-19.1.0.tgz"
  integrity sha512-Xs1hdnE+DyKgeHJeJznQmYMIBG3TKIHJJT95Q58nHLSrElKlGQqDTR2HQ9fx5CN/Gk6Vh/kupBTDLU11/nDk/g==
  dependencies:
    scheduler "^0.26.0"

"react@^16.11.0 || ^17.0.0 || ^18.0.0 || ^19.0.0", "react@^16.5.1 || ^17.0.0 || ^18.0.0 || ^19.0.0", "react@^16.8 || ^17.0 || ^18.0 || ^19.0 || ^19.0.0-rc", "react@^16.8.0 || ^17.0.0 || ^18.0.0 || ^19.0.0", "react@^18.0.0 || ^19.0.0", "react@^18.0.0 || ^19.0.0 || ^19.0.0-0", "react@^18.0.0 || ^19.0.0 || ^19.0.0-rc", "react@^18.2.0 || 19.0.0-rc-de68d2f4-20241204 || ^19.0.0", react@^19.0.0, react@^19.1.0, "react@>= 16.8.0 || 17.x.x || ^18.0.0-0 || ^19.0.0-0":
  version "19.1.0"
  resolved "https://registry.npmjs.org/react/-/react-19.1.0.tgz"
  integrity sha512-FS+XFBNvn3GTAWq26joslQgWNoFu08F4kl0J4CgdNKADkdSGXQyTCnKteIAJy96Br6YbpEU1LSzV5dYtjMkMDg==

scheduler@^0.26.0:
  version "0.26.0"
  resolved "https://registry.npmjs.org/scheduler/-/scheduler-0.26.0.tgz"
  integrity sha512-NlHwttCI/l5gCPR3D1nNXtWABUmBwvZpEQiD4IXSbIDq8BzLIK/7Ir5gTFSGZDUu37K5cMNp0hFtzO38sC7gWA==

semver@^7.7.1:
  version "7.7.1"
  resolved "https://registry.npmjs.org/semver/-/semver-7.7.1.tgz"
  integrity sha512-hlq8tAfn0m/61p4BVRcPzIGr6LKiMwo4VM6dGi6pt4qcRkmNzTcWq6eCEjEh+qXjkMDvPlOFFSGwQjoEa6gyMA==

server-only@0.0.1:
  version "0.0.1"
  resolved "https://registry.npmjs.org/server-only/-/server-only-0.0.1.tgz"
  integrity sha512-qepMx2JxAa5jjfzxG79yPPq+8BuFToHd1hm7kI+Z4zAq1ftQiP7HcxMhDDItrbtwVeLg/cY2JnKnrcFkmiswNA==

set-cookie-parser@^2.6.0:
  version "2.7.1"
  resolved "https://registry.npmjs.org/set-cookie-parser/-/set-cookie-parser-2.7.1.tgz"
  integrity sha512-IOc8uWeOZgnb3ptbCURJWNjWUPcO3ZnTTdzsurqERrP6nPyv+paC55vJM0LpOlT2ne+Ix+9+CRG1MNLlyZ4GjQ==

sharp@^0.33.5:
  version "0.33.5"
  resolved "https://registry.npmjs.org/sharp/-/sharp-0.33.5.tgz"
  integrity sha512-haPVm1EkS9pgvHrQ/F3Xy+hgcuMV0Wm9vfIBSiwZ05k+xgb0PkBQpGsAA/oWdDobNaZTH5ppvHtzCFbnSEwHVw==
  dependencies:
    color "^4.2.3"
    detect-libc "^2.0.3"
    semver "^7.7.1"
  optionalDependencies:
    "@img/sharp-darwin-arm64" "0.34.1"
    "@img/sharp-darwin-x64" "0.34.1"
    "@img/sharp-libvips-darwin-arm64" "1.1.0"
    "@img/sharp-libvips-darwin-x64" "1.1.0"
    "@img/sharp-libvips-linux-arm" "1.1.0"
    "@img/sharp-libvips-linux-arm64" "1.1.0"
    "@img/sharp-libvips-linux-ppc64" "1.1.0"
    "@img/sharp-libvips-linux-s390x" "1.1.0"
    "@img/sharp-libvips-linux-x64" "1.1.0"
    "@img/sharp-libvips-linuxmusl-arm64" "1.1.0"
    "@img/sharp-libvips-linuxmusl-x64" "1.1.0"
    "@img/sharp-linux-arm" "0.34.1"
    "@img/sharp-linux-arm64" "0.34.1"
    "@img/sharp-linux-s390x" "0.34.1"
    "@img/sharp-linux-x64" "0.34.1"
    "@img/sharp-linuxmusl-arm64" "0.34.1"
    "@img/sharp-linuxmusl-x64" "0.34.1"
    "@img/sharp-wasm32" "0.34.1"
    "@img/sharp-win32-ia32" "0.34.1"
    "@img/sharp-win32-x64" "0.34.1"

simple-swizzle@^0.2.2:
  version "0.2.2"
  resolved "https://registry.npmjs.org/simple-swizzle/-/simple-swizzle-0.2.2.tgz"
  integrity sha512-JA//kQgZtbuY83m+xT+tXJkmJncGMTFT+C+g2h2R9uxkYIrE2yy9sgmcLhCnw57/WSD+Eh3J97FPEDFnbXnDUg==
  dependencies:
    is-arrayish "^0.3.1"

snake-case@^3.0.4:
  version "3.0.4"
  resolved "https://registry.npmjs.org/snake-case/-/snake-case-3.0.4.tgz"
  integrity sha512-LAOh4z89bGQvl9pFfNF8V146i7o7/CqFPbqzYgP+yYzDIDeS9HaNFtXABamRW+AQzEVODcvE79ljJ+8a9YSdMg==
  dependencies:
    dot-case "^3.0.4"
    tslib "^2.0.3"

snakecase-keys@8.0.1:
  version "8.0.1"
  resolved "https://registry.npmjs.org/snakecase-keys/-/snakecase-keys-8.0.1.tgz"
  integrity sha512-Sj51kE1zC7zh6TDlNNz0/Jn1n5HiHdoQErxO8jLtnyrkJW/M5PrI7x05uDgY3BO7OUQYKCvmeMurW6BPUdwEOw==
  dependencies:
    map-obj "^4.1.0"
    snake-case "^3.0.4"
    type-fest "^4.15.0"

sonner@^2.0.3:
  version "2.0.3"
  resolved "https://registry.npmjs.org/sonner/-/sonner-2.0.3.tgz"
  integrity sha512-njQ4Hht92m0sMqqHVDL32V2Oun9W1+PHO9NDv9FHfJjT3JT22IG4Jpo3FPQy+mouRKCXFWO+r67v6MrHX2zeIA==

source-map-js@^1.0.2, source-map-js@^1.2.1:
  version "1.2.1"
  resolved "https://registry.npmjs.org/source-map-js/-/source-map-js-1.2.1.tgz"
  integrity sha512-UXWMKhLOwVKb728IUtQPXxfYU+usdybtUrK/8uGE8CQMvrhOpwvzDBwj0QhSL7MQc7vIsISBG8VQ8+IDQxpfQA==

std-env@^3.8.1:
  version "3.9.0"
  resolved "https://registry.npmjs.org/std-env/-/std-env-3.9.0.tgz"
  integrity sha512-UGvjygr6F6tpH7o2qyqR6QYpwraIjKSdtzyBdyytFOHmPZY917kwdwLG0RbOjWOnKmnm3PeHjaoLLMie7kPLQw==

streamsearch@^1.1.0:
  version "1.1.0"
  resolved "https://registry.npmjs.org/streamsearch/-/streamsearch-1.1.0.tgz"
  integrity sha512-Mcc5wHehp9aXz1ax6bZUyY5afg9u2rv5cqQI3mRrYkGC8rW2hM02jWuwjtL++LS5qinSyhj2QfLyNsuc+VsExg==

styled-jsx@5.1.6:
  version "5.1.6"
  resolved "https://registry.npmjs.org/styled-jsx/-/styled-jsx-5.1.6.tgz"
  integrity sha512-qSVyDTeMotdvQYoHWLNGwRFJHC+i+ZvdBRYosOFgC+Wg1vx4frN2/RG/NA7SYqqvKNLf39P2LSRA2pu6n0XYZA==
  dependencies:
    client-only "0.0.1"

swr@^2.3.3:
  version "2.3.3"
  resolved "https://registry.npmjs.org/swr/-/swr-2.3.3.tgz"
  integrity sha512-dshNvs3ExOqtZ6kJBaAsabhPdHyeY4P2cKwRCniDVifBMoG/SVI7tfLWqPXriVspf2Rg4tPzXJTnwaihIeFw2A==
  dependencies:
    dequal "^2.0.3"
    use-sync-external-store "^1.4.0"

tailwind-merge@^3.2.0:
  version "3.2.0"
  resolved "https://registry.npmjs.org/tailwind-merge/-/tailwind-merge-3.2.0.tgz"
  integrity sha512-FQT/OVqCD+7edmmJpsgCsY820RTD5AkBryuG5IUqR5YQZSdj5xlH5nLgH7YPths7WsLPSpSBNneJdM8aS8aeFA==

tailwindcss@^4, tailwindcss@4.1.3:
  version "4.1.3"
  resolved "https://registry.npmjs.org/tailwindcss/-/tailwindcss-4.1.3.tgz"
  integrity sha512-2Q+rw9vy1WFXu5cIxlvsabCwhU2qUwodGq03ODhLJ0jW4ek5BUtoCsnLB0qG+m8AHgEsSJcJGDSDe06FXlP74g==

tapable@^2.2.0:
  version "2.2.1"
  resolved "https://registry.npmjs.org/tapable/-/tapable-2.2.1.tgz"
  integrity sha512-GNzQvQTOIP6RyTfE2Qxb8ZVlNmw0n88vp1szwWRimP02mnTsx3Wtn5qRdqY9w2XduFNUgvOwhNnQsjwCp+kqaQ==

tr46@~0.0.3:
  version "0.0.3"
  resolved "https://registry.npmjs.org/tr46/-/tr46-0.0.3.tgz"
  integrity sha512-N3WMsuqV66lT30CrXNbEjx4GEwlow3v6rr4mCcv6prnfwhS01rkgyFdjPNBYd9br7LpXV1+Emh01fHnq2Gdgrw==

tslib@^2.0.3, tslib@^2.4.0, tslib@^2.8.0, tslib@2.8.1:
  version "2.8.1"
  resolved "https://registry.npmjs.org/tslib/-/tslib-2.8.1.tgz"
  integrity sha512-oJFu94HQb+KVduSUQL7wnpmqnfmLsOA/nAh6b6EH0wCEoK0/mPeXU6c3wKDV83MkOuHPRHtSXKKU99IBazS/2w==

tw-animate-css@^1.2.5:
  version "1.2.5"
  resolved "https://registry.npmjs.org/tw-animate-css/-/tw-animate-css-1.2.5.tgz"
  integrity sha512-ABzjfgVo+fDbhRREGL4KQZUqqdPgvc5zVrLyeW9/6mVqvaDepXc7EvedA+pYmMnIOsUAQMwcWzNvom26J2qYvQ==

type-fest@^4.15.0:
  version "4.39.1"
  resolved "https://registry.npmjs.org/type-fest/-/type-fest-4.39.1.tgz"
  integrity sha512-uW9qzd66uyHYxwyVBYiwS4Oi0qZyUqwjU+Oevr6ZogYiXt99EOYtwvzMSLw1c3lYo2HzJsep/NB23iEVEgjG/w==

typescript@^5:
  version "5.8.3"
  resolved "https://registry.npmjs.org/typescript/-/typescript-5.8.3.tgz"
  integrity sha512-p1diW6TqL9L07nNxvRMM7hMMw4c5XOo/1ibL4aAIGmSAt9slTE1Xgw5KWuof2uTOvCg9BY7ZRi+GaF+7sfgPeQ==

undici-types@~6.19.2:
  version "6.19.8"
  resolved "https://registry.npmjs.org/undici-types/-/undici-types-6.19.8.tgz"
  integrity sha512-ve2KP6f/JnbPBFyobGHuerC9g1FYGn/F8n1LWTwNxCEzd6IfqTwUQcNXgEtmmQ6DlRrC1hrSrBnCZPokRrDHjw==

undici-types@~6.21.0:
  version "6.21.0"
  resolved "https://registry.npmjs.org/undici-types/-/undici-types-6.21.0.tgz"
  integrity sha512-iwDZqg0QAGrg9Rav5H4n0M64c3mkR59cJ6wQp+7C4nI0gsmExaedaYLNO44eT4AtBBwjbTiGPMlt2Md0T9H9JQ==

use-sync-external-store@^1.4.0:
  version "1.5.0"
  resolved "https://registry.npmjs.org/use-sync-external-store/-/use-sync-external-store-1.5.0.tgz"
  integrity sha512-Rb46I4cGGVBmjamjphe8L/UnvJD+uPPtTkNvX5mZgqdbavhI4EbgIWJiIHXJ8bc/i9EQGPRh4DwEURJ552Do0A==

webidl-conversions@^3.0.0:
  version "3.0.1"
  resolved "https://registry.npmjs.org/webidl-conversions/-/webidl-conversions-3.0.1.tgz"
  integrity sha512-2JAn3z8AR6rjK8Sm8orRC0h/bcl/DqL7tRPdGZ4I1CjdF+EaMLmYxBHyXuKL849eucPFhvBoxMsflfOb8kxaeQ==

whatwg-url@^5.0.0:
  version "5.0.0"
  resolved "https://registry.npmjs.org/whatwg-url/-/whatwg-url-5.0.0.tgz"
  integrity sha512-saE57nupxk6v3HY35+jzBwYa0rKSy0XR8JSxZPwgLr7ys0IBzhGviA1/TUGJLmSVqs8pb9AnvICXEuOHLprYTw==
  dependencies:
    tr46 "~0.0.3"
    webidl-conversions "^3.0.0"

ws@^8.18.0:
  version "8.18.1"
  resolved "https://registry.npmjs.org/ws/-/ws-8.18.1.tgz"
  integrity sha512-RKW2aJZMXeMxVpnZ6bck+RswznaxmzdULiBr6KY7XkTnW8uvt0iT9H5DkHUChXrc+uurzwa0rVI16n/Xzjdz1w==
